// !$*UTF8*$!
{
	archiveVersion = 1;
	classes = {
	};
	objectVersion = 50;
	objects = {

/* Begin PBXBuildFile section */
		AD30263326B6B1B5009619D4 /* AppDelegate.swift in Sources */ = {isa = PBXBuildFile; fileRef = AD30263226B6B1B5009619D4 /* AppDelegate.swift */; };
		AD30263526B6B1B5009619D4 /* SceneDelegate.swift in Sources */ = {isa = PBXBuildFile; fileRef = AD30263426B6B1B5009619D4 /* SceneDelegate.swift */; };
		AD30263726B6B1B5009619D4 /* ViewController.swift in Sources */ = {isa = PBXBuildFile; fileRef = AD30263626B6B1B5009619D4 /* ViewController.swift */; };
		AD30263A26B6B1B5009619D4 /* Main.storyboard in Resources */ = {isa = PBXBuildFile; fileRef = AD30263826B6B1B5009619D4 /* Main.storyboard */; };
		AD30263C26B6B1B6009619D4 /* Assets.xcassets in Resources */ = {isa = PBXBuildFile; fileRef = AD30263B26B6B1B6009619D4 /* Assets.xcassets */; };
		AD30263F26B6B1B6009619D4 /* LaunchScreen.storyboard in Resources */ = {isa = PBXBuildFile; fileRef = AD30263D26B6B1B6009619D4 /* LaunchScreen.storyboard */; };
		AD30264A26B6B20F009619D4 /* MainWeatherController.swift in Sources */ = {isa = PBXBuildFile; fileRef = AD30264926B6B20F009619D4 /* MainWeatherController.swift */; };
		AD30264C26B6B250009619D4 /* WeatherTable.swift in Sources */ = {isa = PBXBuildFile; fileRef = AD30264B26B6B250009619D4 /* WeatherTable.swift */; };
		AD30264E26B6B9F7009619D4 /* WeatherCell.swift in Sources */ = {isa = PBXBuildFile; fileRef = AD30264D26B6B9F7009619D4 /* WeatherCell.swift */; };
		AD30265026B6C548009619D4 /* CurrentWeatherInfo.swift in Sources */ = {isa = PBXBuildFile; fileRef = AD30264F26B6C548009619D4 /* CurrentWeatherInfo.swift */; };
		AD30265226B6D6AB009619D4 /* CurrentWeatherResponse.swift in Sources */ = {isa = PBXBuildFile; fileRef = AD30265126B6D6AB009619D4 /* CurrentWeatherResponse.swift */; };
		AD30265A26B6D9EB009619D4 /* API.swift in Sources */ = {isa = PBXBuildFile; fileRef = AD30265926B6D9EB009619D4 /* API.swift */; };
		AD30265C26B6DA1A009619D4 /* API+Extenstions.swift in Sources */ = {isa = PBXBuildFile; fileRef = AD30265B26B6DA1A009619D4 /* API+Extenstions.swift */; };
		AD30265E26B6DADE009619D4 /* NetworkManager.swift in Sources */ = {isa = PBXBuildFile; fileRef = AD30265D26B6DADE009619D4 /* NetworkManager.swift */; };
		AD30266026B6E176009619D4 /* WeatherDetail.swift in Sources */ = {isa = PBXBuildFile; fileRef = AD30265F26B6E176009619D4 /* WeatherDetail.swift */; };
		AD30266226B6E198009619D4 /* Main.swift in Sources */ = {isa = PBXBuildFile; fileRef = AD30266126B6E198009619D4 /* Main.swift */; };
		AD30266426B6E1B0009619D4 /* WindDetail.swift in Sources */ = {isa = PBXBuildFile; fileRef = AD30266326B6E1B0009619D4 /* WindDetail.swift */; };
		AD30266626B6E1FC009619D4 /* Weather.swift in Sources */ = {isa = PBXBuildFile; fileRef = AD30266526B6E1FC009619D4 /* Weather.swift */; };
/* End PBXBuildFile section */

/* Begin PBXFileReference section */
		AD30262F26B6B1B5009619D4 /* WeatherAPI.app */ = {isa = PBXFileReference; explicitFileType = wrapper.application; includeInIndex = 0; path = WeatherAPI.app; sourceTree = BUILT_PRODUCTS_DIR; };
		AD30263226B6B1B5009619D4 /* AppDelegate.swift */ = {isa = PBXFileReference; lastKnownFileType = sourcecode.swift; path = AppDelegate.swift; sourceTree = "<group>"; };
		AD30263426B6B1B5009619D4 /* SceneDelegate.swift */ = {isa = PBXFileReference; lastKnownFileType = sourcecode.swift; path = SceneDelegate.swift; sourceTree = "<group>"; };
		AD30263626B6B1B5009619D4 /* ViewController.swift */ = {isa = PBXFileReference; lastKnownFileType = sourcecode.swift; path = ViewController.swift; sourceTree = "<group>"; };
		AD30263926B6B1B5009619D4 /* Base */ = {isa = PBXFileReference; lastKnownFileType = file.storyboard; name = Base; path = Base.lproj/Main.storyboard; sourceTree = "<group>"; };
		AD30263B26B6B1B6009619D4 /* Assets.xcassets */ = {isa = PBXFileReference; lastKnownFileType = folder.assetcatalog; path = Assets.xcassets; sourceTree = "<group>"; };
		AD30263E26B6B1B6009619D4 /* Base */ = {isa = PBXFileReference; lastKnownFileType = file.storyboard; name = Base; path = Base.lproj/LaunchScreen.storyboard; sourceTree = "<group>"; };
		AD30264026B6B1B6009619D4 /* Info.plist */ = {isa = PBXFileReference; lastKnownFileType = text.plist.xml; path = Info.plist; sourceTree = "<group>"; };
		AD30264926B6B20F009619D4 /* MainWeatherController.swift */ = {isa = PBXFileReference; lastKnownFileType = sourcecode.swift; path = MainWeatherController.swift; sourceTree = "<group>"; };
		AD30264B26B6B250009619D4 /* WeatherTable.swift */ = {isa = PBXFileReference; lastKnownFileType = sourcecode.swift; path = WeatherTable.swift; sourceTree = "<group>"; };
		AD30264D26B6B9F7009619D4 /* WeatherCell.swift */ = {isa = PBXFileReference; lastKnownFileType = sourcecode.swift; path = WeatherCell.swift; sourceTree = "<group>"; };
		AD30264F26B6C548009619D4 /* CurrentWeatherInfo.swift */ = {isa = PBXFileReference; lastKnownFileType = sourcecode.swift; path = CurrentWeatherInfo.swift; sourceTree = "<group>"; };
		AD30265126B6D6AB009619D4 /* CurrentWeatherResponse.swift */ = {isa = PBXFileReference; lastKnownFileType = sourcecode.swift; path = CurrentWeatherResponse.swift; sourceTree = "<group>"; };
		AD30265926B6D9EB009619D4 /* API.swift */ = {isa = PBXFileReference; lastKnownFileType = sourcecode.swift; path = API.swift; sourceTree = "<group>"; };
		AD30265B26B6DA1A009619D4 /* API+Extenstions.swift */ = {isa = PBXFileReference; lastKnownFileType = sourcecode.swift; path = "API+Extenstions.swift"; sourceTree = "<group>"; };
		AD30265D26B6DADE009619D4 /* NetworkManager.swift */ = {isa = PBXFileReference; lastKnownFileType = sourcecode.swift; path = NetworkManager.swift; sourceTree = "<group>"; };
		AD30265F26B6E176009619D4 /* WeatherDetail.swift */ = {isa = PBXFileReference; lastKnownFileType = sourcecode.swift; path = WeatherDetail.swift; sourceTree = "<group>"; };
		AD30266126B6E198009619D4 /* Main.swift */ = {isa = PBXFileReference; lastKnownFileType = sourcecode.swift; path = Main.swift; sourceTree = "<group>"; };
		AD30266326B6E1B0009619D4 /* WindDetail.swift */ = {isa = PBXFileReference; lastKnownFileType = sourcecode.swift; path = WindDetail.swift; sourceTree = "<group>"; };
		AD30266526B6E1FC009619D4 /* Weather.swift */ = {isa = PBXFileReference; lastKnownFileType = sourcecode.swift; path = Weather.swift; sourceTree = "<group>"; };
/* End PBXFileReference section */

/* Begin PBXFrameworksBuildPhase section */
		AD30262C26B6B1B5009619D4 /* Frameworks */ = {
			isa = PBXFrameworksBuildPhase;
			buildActionMask = 2147483647;
			files = (
			);
			runOnlyForDeploymentPostprocessing = 0;
		};
/* End PBXFrameworksBuildPhase section */

/* Begin PBXGroup section */
		AD30262626B6B1B5009619D4 = {
			isa = PBXGroup;
			children = (
				AD30263126B6B1B5009619D4 /* WeatherAPI */,
				AD30263026B6B1B5009619D4 /* Products */,
			);
			sourceTree = "<group>";
		};
		AD30263026B6B1B5009619D4 /* Products */ = {
			isa = PBXGroup;
			children = (
				AD30262F26B6B1B5009619D4 /* WeatherAPI.app */,
			);
			name = Products;
			sourceTree = "<group>";
		};
		AD30263126B6B1B5009619D4 /* WeatherAPI */ = {
			isa = PBXGroup;
			children = (
				AD30265826B6D9E0009619D4 /* Networking */,
				AD30264826B6B1F6009619D4 /* Views */,
				AD30264726B6B1DD009619D4 /* Controllers */,
				AD30264626B6B1D5009619D4 /* Models */,
				AD30263226B6B1B5009619D4 /* AppDelegate.swift */,
				AD30263426B6B1B5009619D4 /* SceneDelegate.swift */,
				AD30263626B6B1B5009619D4 /* ViewController.swift */,
				AD30263826B6B1B5009619D4 /* Main.storyboard */,
				AD30263B26B6B1B6009619D4 /* Assets.xcassets */,
				AD30263D26B6B1B6009619D4 /* LaunchScreen.storyboard */,
				AD30264026B6B1B6009619D4 /* Info.plist */,
			);
			path = WeatherAPI;
			sourceTree = "<group>";
		};
		AD30264626B6B1D5009619D4 /* Models */ = {
			isa = PBXGroup;
			children = (
				AD30265126B6D6AB009619D4 /* CurrentWeatherResponse.swift */,
				AD30265F26B6E176009619D4 /* WeatherDetail.swift */,
				AD30266126B6E198009619D4 /* Main.swift */,
				AD30266326B6E1B0009619D4 /* WindDetail.swift */,
				AD30266526B6E1FC009619D4 /* Weather.swift */,
			);
			path = Models;
			sourceTree = "<group>";
		};
		AD30264726B6B1DD009619D4 /* Controllers */ = {
			isa = PBXGroup;
			children = (
				AD30264926B6B20F009619D4 /* MainWeatherController.swift */,
			);
			path = Controllers;
			sourceTree = "<group>";
		};
		AD30264826B6B1F6009619D4 /* Views */ = {
			isa = PBXGroup;
			children = (
				AD30264B26B6B250009619D4 /* WeatherTable.swift */,
				AD30264D26B6B9F7009619D4 /* WeatherCell.swift */,
				AD30264F26B6C548009619D4 /* CurrentWeatherInfo.swift */,
			);
			path = Views;
			sourceTree = "<group>";
		};
		AD30265826B6D9E0009619D4 /* Networking */ = {
			isa = PBXGroup;
			children = (
				AD30265926B6D9EB009619D4 /* API.swift */,
				AD30265B26B6DA1A009619D4 /* API+Extenstions.swift */,
				AD30265D26B6DADE009619D4 /* NetworkManager.swift */,
			);
			path = Networking;
			sourceTree = "<group>";
		};
/* End PBXGroup section */

/* Begin PBXNativeTarget section */
		AD30262E26B6B1B5009619D4 /* WeatherAPI */ = {
			isa = PBXNativeTarget;
			buildConfigurationList = AD30264326B6B1B6009619D4 /* Build configuration list for PBXNativeTarget "WeatherAPI" */;
			buildPhases = (
				AD30262B26B6B1B5009619D4 /* Sources */,
				AD30262C26B6B1B5009619D4 /* Frameworks */,
				AD30262D26B6B1B5009619D4 /* Resources */,
			);
			buildRules = (
			);
			dependencies = (
			);
			name = WeatherAPI;
			productName = WeatherAPI;
			productReference = AD30262F26B6B1B5009619D4 /* WeatherAPI.app */;
			productType = "com.apple.product-type.application";
		};
/* End PBXNativeTarget section */

/* Begin PBXProject section */
		AD30262726B6B1B5009619D4 /* Project object */ = {
			isa = PBXProject;
			attributes = {
				LastSwiftUpdateCheck = 1250;
				LastUpgradeCheck = 1250;
				TargetAttributes = {
					AD30262E26B6B1B5009619D4 = {
						CreatedOnToolsVersion = 12.5.1;
					};
				};
			};
			buildConfigurationList = AD30262A26B6B1B5009619D4 /* Build configuration list for PBXProject "WeatherAPI" */;
			compatibilityVersion = "Xcode 9.3";
			developmentRegion = en;
			hasScannedForEncodings = 0;
			knownRegions = (
				en,
				Base,
			);
			mainGroup = AD30262626B6B1B5009619D4;
			productRefGroup = AD30263026B6B1B5009619D4 /* Products */;
			projectDirPath = "";
			projectRoot = "";
			targets = (
				AD30262E26B6B1B5009619D4 /* WeatherAPI */,
			);
		};
/* End PBXProject section */

/* Begin PBXResourcesBuildPhase section */
		AD30262D26B6B1B5009619D4 /* Resources */ = {
			isa = PBXResourcesBuildPhase;
			buildActionMask = 2147483647;
			files = (
				AD30263F26B6B1B6009619D4 /* LaunchScreen.storyboard in Resources */,
				AD30263C26B6B1B6009619D4 /* Assets.xcassets in Resources */,
				AD30263A26B6B1B5009619D4 /* Main.storyboard in Resources */,
			);
			runOnlyForDeploymentPostprocessing = 0;
		};
/* End PBXResourcesBuildPhase section */

/* Begin PBXSourcesBuildPhase section */
		AD30262B26B6B1B5009619D4 /* Sources */ = {
			isa = PBXSourcesBuildPhase;
			buildActionMask = 2147483647;
			files = (
				AD30264C26B6B250009619D4 /* WeatherTable.swift in Sources */,
				AD30263726B6B1B5009619D4 /* ViewController.swift in Sources */,
				AD30265226B6D6AB009619D4 /* CurrentWeatherResponse.swift in Sources */,
				AD30265C26B6DA1A009619D4 /* API+Extenstions.swift in Sources */,
				AD30266626B6E1FC009619D4 /* Weather.swift in Sources */,
				AD30265E26B6DADE009619D4 /* NetworkManager.swift in Sources */,
				AD30264E26B6B9F7009619D4 /* WeatherCell.swift in Sources */,
				AD30263326B6B1B5009619D4 /* AppDelegate.swift in Sources */,
				AD30265026B6C548009619D4 /* CurrentWeatherInfo.swift in Sources */,
				AD30266226B6E198009619D4 /* Main.swift in Sources */,
				AD30264A26B6B20F009619D4 /* MainWeatherController.swift in Sources */,
				AD30266026B6E176009619D4 /* WeatherDetail.swift in Sources */,
				AD30265A26B6D9EB009619D4 /* API.swift in Sources */,
				AD30266426B6E1B0009619D4 /* WindDetail.swift in Sources */,
				AD30263526B6B1B5009619D4 /* SceneDelegate.swift in Sources */,
			);
			runOnlyForDeploymentPostprocessing = 0;
		};
/* End PBXSourcesBuildPhase section */

/* Begin PBXVariantGroup section */
		AD30263826B6B1B5009619D4 /* Main.storyboard */ = {
			isa = PBXVariantGroup;
			children = (
				AD30263926B6B1B5009619D4 /* Base */,
			);
			name = Main.storyboard;
			sourceTree = "<group>";
		};
		AD30263D26B6B1B6009619D4 /* LaunchScreen.storyboard */ = {
			isa = PBXVariantGroup;
			children = (
				AD30263E26B6B1B6009619D4 /* Base */,
			);
			name = LaunchScreen.storyboard;
			sourceTree = "<group>";
		};
/* End PBXVariantGroup section */

/* Begin XCBuildConfiguration section */
		AD30264126B6B1B6009619D4 /* Debug */ = {
			isa = XCBuildConfiguration;
			buildSettings = {
				ALWAYS_SEARCH_USER_PATHS = NO;
				CLANG_ANALYZER_NONNULL = YES;
				CLANG_ANALYZER_NUMBER_OBJECT_CONVERSION = YES_AGGRESSIVE;
				CLANG_CXX_LANGUAGE_STANDARD = "gnu++14";
				CLANG_CXX_LIBRARY = "libc++";
				CLANG_ENABLE_MODULES = YES;
				CLANG_ENABLE_OBJC_ARC = YES;
				CLANG_ENABLE_OBJC_WEAK = YES;
				CLANG_WARN_BLOCK_CAPTURE_AUTORELEASING = YES;
				CLANG_WARN_BOOL_CONVERSION = YES;
				CLANG_WARN_COMMA = YES;
				CLANG_WARN_CONSTANT_CONVERSION = YES;
				CLANG_WARN_DEPRECATED_OBJC_IMPLEMENTATIONS = YES;
				CLANG_WARN_DIRECT_OBJC_ISA_USAGE = YES_ERROR;
				CLANG_WARN_DOCUMENTATION_COMMENTS = YES;
				CLANG_WARN_EMPTY_BODY = YES;
				CLANG_WARN_ENUM_CONVERSION = YES;
				CLANG_WARN_INFINITE_RECURSION = YES;
				CLANG_WARN_INT_CONVERSION = YES;
				CLANG_WARN_NON_LITERAL_NULL_CONVERSION = YES;
				CLANG_WARN_OBJC_IMPLICIT_RETAIN_SELF = YES;
				CLANG_WARN_OBJC_LITERAL_CONVERSION = YES;
				CLANG_WARN_OBJC_ROOT_CLASS = YES_ERROR;
				CLANG_WARN_QUOTED_INCLUDE_IN_FRAMEWORK_HEADER = YES;
				CLANG_WARN_RANGE_LOOP_ANALYSIS = YES;
				CLANG_WARN_STRICT_PROTOTYPES = YES;
				CLANG_WARN_SUSPICIOUS_MOVE = YES;
				CLANG_WARN_UNGUARDED_AVAILABILITY = YES_AGGRESSIVE;
				CLANG_WARN_UNREACHABLE_CODE = YES;
				CLANG_WARN__DUPLICATE_METHOD_MATCH = YES;
				COPY_PHASE_STRIP = NO;
				DEBUG_INFORMATION_FORMAT = dwarf;
				ENABLE_STRICT_OBJC_MSGSEND = YES;
				ENABLE_TESTABILITY = YES;
				GCC_C_LANGUAGE_STANDARD = gnu11;
				GCC_DYNAMIC_NO_PIC = NO;
				GCC_NO_COMMON_BLOCKS = YES;
				GCC_OPTIMIZATION_LEVEL = 0;
				GCC_PREPROCESSOR_DEFINITIONS = (
					"DEBUG=1",
					"$(inherited)",
				);
				GCC_WARN_64_TO_32_BIT_CONVERSION = YES;
				GCC_WARN_ABOUT_RETURN_TYPE = YES_ERROR;
				GCC_WARN_UNDECLARED_SELECTOR = YES;
				GCC_WARN_UNINITIALIZED_AUTOS = YES_AGGRESSIVE;
				GCC_WARN_UNUSED_FUNCTION = YES;
				GCC_WARN_UNUSED_VARIABLE = YES;
				IPHONEOS_DEPLOYMENT_TARGET = 14.5;
				MTL_ENABLE_DEBUG_INFO = INCLUDE_SOURCE;
				MTL_FAST_MATH = YES;
				ONLY_ACTIVE_ARCH = YES;
				SDKROOT = iphoneos;
				SWIFT_ACTIVE_COMPILATION_CONDITIONS = DEBUG;
				SWIFT_OPTIMIZATION_LEVEL = "-Onone";
			};
			name = Debug;
		};
		AD30264226B6B1B6009619D4 /* Release */ = {
			isa = XCBuildConfiguration;
			buildSettings = {
				ALWAYS_SEARCH_USER_PATHS = NO;
				CLANG_ANALYZER_NONNULL = YES;
				CLANG_ANALYZER_NUMBER_OBJECT_CONVERSION = YES_AGGRESSIVE;
				CLANG_CXX_LANGUAGE_STANDARD = "gnu++14";
				CLANG_CXX_LIBRARY = "libc++";
				CLANG_ENABLE_MODULES = YES;
				CLANG_ENABLE_OBJC_ARC = YES;
				CLANG_ENABLE_OBJC_WEAK = YES;
				CLANG_WARN_BLOCK_CAPTURE_AUTORELEASING = YES;
				CLANG_WARN_BOOL_CONVERSION = YES;
				CLANG_WARN_COMMA = YES;
				CLANG_WARN_CONSTANT_CONVERSION = YES;
				CLANG_WARN_DEPRECATED_OBJC_IMPLEMENTATIONS = YES;
				CLANG_WARN_DIRECT_OBJC_ISA_USAGE = YES_ERROR;
				CLANG_WARN_DOCUMENTATION_COMMENTS = YES;
				CLANG_WARN_EMPTY_BODY = YES;
				CLANG_WARN_ENUM_CONVERSION = YES;
				CLANG_WARN_INFINITE_RECURSION = YES;
				CLANG_WARN_INT_CONVERSION = YES;
				CLANG_WARN_NON_LITERAL_NULL_CONVERSION = YES;
				CLANG_WARN_OBJC_IMPLICIT_RETAIN_SELF = YES;
				CLANG_WARN_OBJC_LITERAL_CONVERSION = YES;
				CLANG_WARN_OBJC_ROOT_CLASS = YES_ERROR;
				CLANG_WARN_QUOTED_INCLUDE_IN_FRAMEWORK_HEADER = YES;
				CLANG_WARN_RANGE_LOOP_ANALYSIS = YES;
				CLANG_WARN_STRICT_PROTOTYPES = YES;
				CLANG_WARN_SUSPICIOUS_MOVE = YES;
				CLANG_WARN_UNGUARDED_AVAILABILITY = YES_AGGRESSIVE;
				CLANG_WARN_UNREACHABLE_CODE = YES;
				CLANG_WARN__DUPLICATE_METHOD_MATCH = YES;
				COPY_PHASE_STRIP = NO;
				DEBUG_INFORMATION_FORMAT = "dwarf-with-dsym";
				ENABLE_NS_ASSERTIONS = NO;
				ENABLE_STRICT_OBJC_MSGSEND = YES;
				GCC_C_LANGUAGE_STANDARD = gnu11;
				GCC_NO_COMMON_BLOCKS = YES;
				GCC_WARN_64_TO_32_BIT_CONVERSION = YES;
				GCC_WARN_ABOUT_RETURN_TYPE = YES_ERROR;
				GCC_WARN_UNDECLARED_SELECTOR = YES;
				GCC_WARN_UNINITIALIZED_AUTOS = YES_AGGRESSIVE;
				GCC_WARN_UNUSED_FUNCTION = YES;
				GCC_WARN_UNUSED_VARIABLE = YES;
				IPHONEOS_DEPLOYMENT_TARGET = 14.5;
				MTL_ENABLE_DEBUG_INFO = NO;
				MTL_FAST_MATH = YES;
				SDKROOT = iphoneos;
				SWIFT_COMPILATION_MODE = wholemodule;
				SWIFT_OPTIMIZATION_LEVEL = "-O";
				VALIDATE_PRODUCT = YES;
			};
			name = Release;
		};
		AD30264426B6B1B6009619D4 /* Debug */ = {
			isa = XCBuildConfiguration;
			buildSettings = {
				ASSETCATALOG_COMPILER_APPICON_NAME = AppIcon;
				ASSETCATALOG_COMPILER_GLOBAL_ACCENT_COLOR_NAME = AccentColor;
				CODE_SIGN_STYLE = Automatic;
				DEVELOPMENT_TEAM = R6V3UCSNG3;
				INFOPLIST_FILE = WeatherAPI/Info.plist;
				LD_RUNPATH_SEARCH_PATHS = (
					"$(inherited)",
					"@executable_path/Frameworks",
				);
				PRODUCT_BUNDLE_IDENTIFIER = com.ycompany.WeatherAPI;
				PRODUCT_NAME = "$(TARGET_NAME)";
				SWIFT_VERSION = 5.0;
				TARGETED_DEVICE_FAMILY = "1,2";
			};
			name = Debug;
		};
		AD30264526B6B1B6009619D4 /* Release */ = {
			isa = XCBuildConfiguration;
			buildSettings = {
				ASSETCATALOG_COMPILER_APPICON_NAME = AppIcon;
				ASSETCATALOG_COMPILER_GLOBAL_ACCENT_COLOR_NAME = AccentColor;
				CODE_SIGN_STYLE = Automatic;
				DEVELOPMENT_TEAM = R6V3UCSNG3;
				INFOPLIST_FILE = WeatherAPI/Info.plist;
				LD_RUNPATH_SEARCH_PATHS = (
					"$(inherited)",
					"@executable_path/Frameworks",
				);
				PRODUCT_BUNDLE_IDENTIFIER = com.ycompany.WeatherAPI;
				PRODUCT_NAME = "$(TARGET_NAME)";
				SWIFT_VERSION = 5.0;
				TARGETED_DEVICE_FAMILY = "1,2";
			};
			name = Release;
		};
/* End XCBuildConfiguration section */

/* Begin XCConfigurationList section */
		AD30262A26B6B1B5009619D4 /* Build configuration list for PBXProject "WeatherAPI" */ = {
			isa = XCConfigurationList;
			buildConfigurations = (
				AD30264126B6B1B6009619D4 /* Debug */,
				AD30264226B6B1B6009619D4 /* Release */,
			);
			defaultConfigurationIsVisible = 0;
			defaultConfigurationName = Release;
		};
		AD30264326B6B1B6009619D4 /* Build configuration list for PBXNativeTarget "WeatherAPI" */ = {
			isa = XCConfigurationList;
			buildConfigurations = (
				AD30264426B6B1B6009619D4 /* Debug */,
				AD30264526B6B1B6009619D4 /* Release */,
			);
			defaultConfigurationIsVisible = 0;
			defaultConfigurationName = Release;
		};
/* End XCConfigurationList section */
	};
	rootObject = AD30262726B6B1B5009619D4 /* Project object */;
}
